
Microsoft Visual Studio Solution File, Format Version 12.00
# Visual Studio Version 17
VisualStudioVersion = 17.1.32421.90
MinimumVisualStudioVersion = 10.0.40219.1
Project("{FAE04EC0-301F-11D3-BF4B-00C04F79EFBC}") = "HRMWebAPI2022", "HRMWebAPI2022\HRMWebAPI2022.csproj", "{89B84C6A-0CF7-4379-A244-7BC44E150350}"
EndProject
Global
	GlobalSection(SolutionConfigurationPlatforms) = preSolution
		Debug|Any CPU = Debug|Any CPU
		Release|Any CPU = Release|Any CPU
	EndGlobalSection
	GlobalSection(ProjectConfigurationPlatforms) = postSolution
		{89B84C6A-0CF7-4379-A244-7BC44E150350}.Debug|Any CPU.ActiveCfg = Debug|Any CPU
		{89B84C6A-0CF7-4379-A244-7BC44E150350}.Debug|Any CPU.Build.0 = Debug|Any CPU
		{89B84C6A-0CF7-4379-A244-7BC44E150350}.Release|Any CPU.ActiveCfg = Release|Any CPU
		{89B84C6A-0CF7-4379-A244-7BC44E150350}.Release|Any CPU.Build.0 = Release|Any CPU
	EndGlobalSection
	GlobalSection(SolutionProperties) = preSolution
		HideSolutionNode = FALSE
	EndGlobalSection
	GlobalSection(ExtensibilityGlobals) = postSolution
		SolutionGuid = {34BBB1D2-0818-4E31-B624-7F3F898173FB}
	EndGlobalSection
EndGlobal
